Microsoft Visual Studio Solution File, Format Version 12.00
# Visual Studio Version 18
VisualStudioVersion = 18.5.11716.220 stable
MinimumVisualStudioVersion = 10.0.40219.1
Project("{FAE04EC0-301F-11D3-BF4B-00C04F79EFBC}") = "Bank.Domain", "BankApp\Bank.Domain\Bank.Domain.csproj", "{A85442E2-9AB7-43F1-A3AD-3FAA0D7005C2}"
EndProject
Project("{FAE04EC0-301F-11D3-BF4B-00C04F79EFBC}") = "Bank.Application", "BankApp\Bank.Application\Bank.Application.csproj", "{ED344B19-DA44-4FF9-9E3F-084F1EB09C2D}"
EndProject
Project("{FAE04EC0-301F-11D3-BF4B-00C04F79EFBC}") = "Bank.Infrastructure", "BankApp\Bank.Infrastructure\Bank.Infrastructure.csproj", "{EF4A92BC-5B5B-4112-8850-E33090353464}"
EndProject
Project("{FAE04EC0-301F-11D3-BF4B-00C04F79EFBC}") = "Bank.Console", "BankApp\Bank.Console\Bank.Console.csproj", "{220B4091-373E-4898-9103-FD50B1CDF894}"
EndProject
Project("{FAE04EC0-301F-11D3-BF4B-00C04F79EFBC}") = "Bank.Tests", "BankApp.Tests\Bank.Tests.csproj", "{340A7453-62DB-41DC-9CB8-F2048747B21A}"
EndProject
Project("{FAE04EC0-301F-11D3-BF4B-00C04F79EFBC}") = "Bank.Presentation", "Bank.Presentation\Bank.Presentation.csproj", "{0A68D9AD-696D-4664-A270-F6A098E137A3}"
EndProject
Global
	GlobalSection(SolutionConfigurationPlatforms) = preSolution
		Debug|Any CPU = Debug|Any CPU
		Release|Any CPU = Release|Any CPU
	EndGlobalSection
	GlobalSection(ProjectConfigurationPlatforms) = postSolution
		{A85442E2-9AB7-43F1-A3AD-3FAA0D7005C2}.Debug|Any CPU.ActiveCfg = Debug|Any CPU
		{A85442E2-9AB7-43F1-A3AD-3FAA0D7005C2}.Debug|Any CPU.Build.0 = Debug|Any CPU
		{A85442E2-9AB7-43F1-A3AD-3FAA0D7005C2}.Release|Any CPU.ActiveCfg = Release|Any CPU
		{A85442E2-9AB7-43F1-A3AD-3FAA0D7005C2}.Release|Any CPU.Build.0 = Release|Any CPU
		{ED344B19-DA44-4FF9-9E3F-084F1EB09C2D}.Debug|Any CPU.ActiveCfg = Debug|Any CPU
		{ED344B19-DA44-4FF9-9E3F-084F1EB09C2D}.Debug|Any CPU.Build.0 = Debug|Any CPU
		{ED344B19-DA44-4FF9-9E3F-084F1EB09C2D}.Release|Any CPU.ActiveCfg = Release|Any CPU
		{ED344B19-DA44-4FF9-9E3F-084F1EB09C2D}.Release|Any CPU.Build.0 = Release|Any CPU
		{EF4A92BC-5B5B-4112-8850-E33090353464}.Debug|Any CPU.ActiveCfg = Debug|Any CPU
		{EF4A92BC-5B5B-4112-8850-E33090353464}.Debug|Any CPU.Build.0 = Debug|Any CPU
		{EF4A92BC-5B5B-4112-8850-E33090353464}.Release|Any CPU.ActiveCfg = Release|Any CPU
		{EF4A92BC-5B5B-4112-8850-E33090353464}.Release|Any CPU.Build.0 = Release|Any CPU
		{220B4091-373E-4898-9103-FD50B1CDF894}.Debug|Any CPU.ActiveCfg = Debug|Any CPU
		{220B4091-373E-4898-9103-FD50B1CDF894}.Debug|Any CPU.Build.0 = Debug|Any CPU
		{220B4091-373E-4898-9103-FD50B1CDF894}.Release|Any CPU.ActiveCfg = Release|Any CPU
		{220B4091-373E-4898-9103-FD50B1CDF894}.Release|Any CPU.Build.0 = Release|Any CPU
		{340A7453-62DB-41DC-9CB8-F2048747B21A}.Debug|Any CPU.ActiveCfg = Debug|Any CPU
		{340A7453-62DB-41DC-9CB8-F2048747B21A}.Debug|Any CPU.Build.0 = Debug|Any CPU
		{340A7453-62DB-41DC-9CB8-F2048747B21A}.Release|Any CPU.ActiveCfg = Release|Any CPU
		{340A7453-62DB-41DC-9CB8-F2048747B21A}.Release|Any CPU.Build.0 = Release|Any CPU
		{0A68D9AD-696D-4664-A270-F6A098E137A3}.Debug|Any CPU.ActiveCfg = Debug|Any CPU
		{0A68D9AD-696D-4664-A270-F6A098E137A3}.Debug|Any CPU.Build.0 = Debug|Any CPU
		{0A68D9AD-696D-4664-A270-F6A098E137A3}.Release|Any CPU.ActiveCfg = Release|Any CPU
		{0A68D9AD-696D-4664-A270-F6A098E137A3}.Release|Any CPU.Build.0 = Release|Any CPU
	EndGlobalSection
	GlobalSection(SolutionProperties) = preSolution
		HideSolutionNode = FALSE
	EndGlobalSection
	GlobalSection(ExtensibilityGlobals) = postSolution
		SolutionGuid = {6AAFE064-D578-42EA-8F68-2D1ACECE2542}
	EndGlobalSection
EndGlobal
